version = 1
revision = 2
requires-python = ">=3.11"

[[package]]
name = "gurobipy"
version = "12.0.2"
source = { registry = "https://pypi.org/simple" }
wheels = [
    { url = "https://files.pythonhosted.org/packages/12/9c/2bb1f981aa42dd983eb26276d45a4e835a3a319bad24080e8f7748ce814b/gurobipy-12.0.2-cp311-cp311-macosx_10_9_universal2.whl", hash = "sha256:cb227b0a92b55d7eed93fd0a3de6213ed6d0e10eb81316bb3f495e0585f90ab5", size = 12305659, upload-time = "2025-05-06T02:20:26.355Z" },
    { url = "https://files.pythonhosted.org/packages/47/23/3dbeb7ba40d37837449927def83c552032287bf9fb9f8e77c9d1875dc976/gurobipy-12.0.2-cp311-cp311-manylinux2014_aarch64.manylinux_2_17_aarch64.whl", hash = "sha256:f7d1aff950289a20a596f8dbb3d4af65afc09d184e5c82a45835d83db5a71233", size = 62761250, upload-time = "2025-05-06T02:20:30.666Z" },
    { url = "https://files.pythonhosted.org/packages/45/58/a4d1fe171296249ab5461caac0301eb06b5d50a726b0edab0277572b8e58/gurobipy-12.0.2-cp311-cp311-manylinux2014_x86_64.manylinux_2_17_x86_64.whl", hash = "sha256:4feb9f92954df44e52f14a404c966e2a7a183e7b6b63b05473fa4acfe7c356d8", size = 14475125, upload-time = "2025-05-06T02:20:35.516Z" },
    { url = "https://files.pythonhosted.org/packages/0e/eb/86a5e22c20447e7621d74b3b1e7c96885c5278805ea1b64b30a5b904cad6/gurobipy-12.0.2-cp311-cp311-win_amd64.whl", hash = "sha256:432663e84ce2d37a085e1a5b6558618ba098805b0f963817758d1d95579d1dec", size = 11223516, upload-time = "2025-05-06T02:20:37.88Z" },
    { url = "https://files.pythonhosted.org/packages/b4/51/6776db08a6a929bbe20237458fa1b67295d81d0684813cd93501a39282c6/gurobipy-12.0.2-cp312-cp312-macosx_10_9_universal2.whl", hash = "sha256:8bfd32805e8fc4ea2d0253b5beaef2c763570316f26a1f4f2c86cbaa0eb3a8d7", size = 12198054, upload-time = "2025-05-06T02:20:40.709Z" },
    { url = "https://files.pythonhosted.org/packages/ec/e5/d69e3a9d8d82ba83d6e87147fd6f64c609f6fa4ab78e71765834ca17a28f/gurobipy-12.0.2-cp312-cp312-manylinux2014_aarch64.manylinux_2_17_aarch64.whl", hash = "sha256:5af2bd4626384ffc700c29af0e1dd69cafe6f6dbd6efcd38e5e32873a46f3d12", size = 62570102, upload-time = "2025-05-06T02:20:48.882Z" },
    { url = "https://files.pythonhosted.org/packages/cb/68/50c8d8ff5afbdf3ca9569ba3c7a58fb8f0a529c37e2a23c82f0802d79cde/gurobipy-12.0.2-cp312-cp312-manylinux2014_x86_64.manylinux_2_17_x86_64.whl", hash = "sha256:111d32393a39a3e2ddd5ead1752731d388b3c685b73550c6b0ca9a45d954c364", size = 14259530, upload-time = "2025-05-06T02:20:53.948Z" },
    { url = "https://files.pythonhosted.org/packages/ec/f6/2f2c68326c149dcc0c22515a6711ff571e1977fd31e8f43518857a85b309/gurobipy-12.0.2-cp312-cp312-win_amd64.whl", hash = "sha256:5ef46799be0cefd5d33449c10d54a68826f8c32690d0185be0a0ba4834d7b595", size = 11109698, upload-time = "2025-05-06T02:20:57.638Z" },
    { url = "https://files.pythonhosted.org/packages/0e/77/005617b41152d0bfddb968690393f20c7931b4b4b8a2aabfeba4e85cc8c7/gurobipy-12.0.2-cp313-cp313-macosx_10_13_universal2.whl", hash = "sha256:5791dc9b029f06b318d54e0dfa07f5c9688c27e5c71f7a54bcdaafdb4c0905e9", size = 12159195, upload-time = "2025-05-06T02:21:01.405Z" },
    { url = "https://files.pythonhosted.org/packages/77/0d/5d6131fed7ccbd5f7e7773b2cec6eb8d2f66ca1d47def00a4fa46622c521/gurobipy-12.0.2-cp313-cp313-manylinux2014_aarch64.manylinux_2_17_aarch64.whl", hash = "sha256:b3caebef6a7c6ba23559872ab73dcd8040c7156ef80cde0b59118bbdfd24e779", size = 62573861, upload-time = "2025-05-06T02:21:09.983Z" },
    { url = "https://files.pythonhosted.org/packages/86/b3/c627ec23998481b056d2cb6af5b2829a333d344b6a55c4e393cc0a803cf8/gurobipy-12.0.2-cp313-cp313-manylinux2014_x86_64.manylinux_2_17_x86_64.whl", hash = "sha256:240aab60fcfbfe586f456d6ecbcc8eca3b5aa5ffe717e6a08c41c82964026137", size = 14266673, upload-time = "2025-05-06T02:21:16.578Z" },
    { url = "https://files.pythonhosted.org/packages/a0/96/0ca5e669fa4923cb6dd661265331d5440aa5451b7f59705e9d16f85848af/gurobipy-12.0.2-cp313-cp313-win_amd64.whl", hash = "sha256:6ee688efdd177cb38697f77237406f5240c47ceb5469b61c9c375d961479b10a", size = 11099909, upload-time = "2025-05-06T02:21:19.134Z" },
]

[[package]]
name = "lark"
version = "1.2.2"
source = { registry = "https://pypi.org/simple" }
sdist = { url = "https://files.pythonhosted.org/packages/af/60/bc7622aefb2aee1c0b4ba23c1446d3e30225c8770b38d7aedbfb65ca9d5a/lark-1.2.2.tar.gz", hash = "sha256:ca807d0162cd16cef15a8feecb862d7319e7a09bdb13aef927968e45040fed80", size = 252132, upload-time = "2024-08-13T19:49:00.652Z" }
wheels = [
    { url = "https://files.pythonhosted.org/packages/2d/00/d90b10b962b4277f5e64a78b6609968859ff86889f5b898c1a778c06ec00/lark-1.2.2-py3-none-any.whl", hash = "sha256:c2276486b02f0f1b90be155f2c8ba4a8e194d42775786db622faccd652d8e80c", size = 111036, upload-time = "2024-08-13T19:48:58.603Z" },
]

[[package]]
name = "parser"
version = "0.1.0"
source = { virtual = "." }
dependencies = [
    { name = "gurobipy" },
    { name = "lark" },
]

[package.metadata]
requires-dist = [
    { name = "gurobipy", specifier = ">=12.0.2" },
    { name = "lark", specifier = ">=1.2.2" },
]
